
Microsoft Visual Studio Solution File, Format Version 12.00
# Visual Studio Version 17
VisualStudioVersion = 17.3.32708.82
MinimumVisualStudioVersion = 10.0.40219.1
Project("{FAE04EC0-301F-11D3-BF4B-00C04F79EFBC}") = "ChaosVDotNet", "ChaosVDotNet\ChaosVDotNet.csproj", "{077F7AE0-486B-4F9B-8ACF-64AA5FADA5B8}"
EndProject
Global
	GlobalSection(SolutionConfigurationPlatforms) = preSolution
		Debug|Any CPU = Debug|Any CPU
		Release|Any CPU = Release|Any CPU
	EndGlobalSection
	GlobalSection(ProjectConfigurationPlatforms) = postSolution
		{077F7AE0-486B-4F9B-8ACF-64AA5FADA5B8}.Debug|Any CPU.ActiveCfg = Debug|Any CPU
		{077F7AE0-486B-4F9B-8ACF-64AA5FADA5B8}.Debug|Any CPU.Build.0 = Debug|Any CPU
		{077F7AE0-486B-4F9B-8ACF-64AA5FADA5B8}.Release|Any CPU.ActiveCfg = Release|Any CPU
		{077F7AE0-486B-4F9B-8ACF-64AA5FADA5B8}.Release|Any CPU.Build.0 = Release|Any CPU
	EndGlobalSection
	GlobalSection(SolutionProperties) = preSolution
		HideSolutionNode = FALSE
	EndGlobalSection
	GlobalSection(ExtensibilityGlobals) = postSolution
		SolutionGuid = {94DA14A2-77F8-47CD-82EB-8C78E18657AC}
	EndGlobalSection
EndGlobal
